
Microsoft Visual Studio Solution File, Format Version 12.00
# Visual Studio Version 17
VisualStudioVersion = 17.14.35806.103
MinimumVisualStudioVersion = 10.0.40219.1
Project("{FAE04EC0-301F-11D3-BF4B-00C04F79EFBC}") = "NvRFSOHS1", "NvRFSOH1\NvRFSOHS1.csproj", "{BECD1119-740E-49A2-BF1E-BA61D11D243F}"
EndProject
Project("{FAE04EC0-301F-11D3-BF4B-00C04F79EFBC}") = "NvRFSOHO4", "NvRFSOHO4\NvRFSOHO4.csproj", "{C9B82743-3D17-4B71-A287-24B89C936C98}"
EndProject
Project("{FAE04EC0-301F-11D3-BF4B-00C04F79EFBC}") = "NvRFSHO3", "NvRFSHO3\NvRFSHO3.csproj", "{6901D4BF-B0C4-46F0-B9D5-8B4796A78522}"
EndProject
Project("{FAE04EC0-301F-11D3-BF4B-00C04F79EFBC}") = "NvRFSHO2", "NvRFSHO2\NvRFSHO2.csproj", "{C1B0703E-D6A4-4CA6-A327-D0B05B30EB80}"
EndProject
Project("{FAE04EC0-301F-11D3-BF4B-00C04F79EFBC}") = "NvRFSHO1", "NvRFSHO1\NvRFSHO1.csproj", "{C5404EE1-C653-4662-8A58-AE6C01E4049F}"
EndProject
Global
	GlobalSection(SolutionConfigurationPlatforms) = preSolution
		Debug|Any CPU = Debug|Any CPU
		Release|Any CPU = Release|Any CPU
	EndGlobalSection
	GlobalSection(ProjectConfigurationPlatforms) = postSolution
		{BECD1119-740E-49A2-BF1E-BA61D11D243F}.Debug|Any CPU.ActiveCfg = Debug|Any CPU
		{BECD1119-740E-49A2-BF1E-BA61D11D243F}.Debug|Any CPU.Build.0 = Debug|Any CPU
		{BECD1119-740E-49A2-BF1E-BA61D11D243F}.Release|Any CPU.ActiveCfg = Release|Any CPU
		{BECD1119-740E-49A2-BF1E-BA61D11D243F}.Release|Any CPU.Build.0 = Release|Any CPU
		{C9B82743-3D17-4B71-A287-24B89C936C98}.Debug|Any CPU.ActiveCfg = Debug|Any CPU
		{C9B82743-3D17-4B71-A287-24B89C936C98}.Debug|Any CPU.Build.0 = Debug|Any CPU
		{C9B82743-3D17-4B71-A287-24B89C936C98}.Release|Any CPU.ActiveCfg = Release|Any CPU
		{C9B82743-3D17-4B71-A287-24B89C936C98}.Release|Any CPU.Build.0 = Release|Any CPU
		{6901D4BF-B0C4-46F0-B9D5-8B4796A78522}.Debug|Any CPU.ActiveCfg = Debug|Any CPU
		{6901D4BF-B0C4-46F0-B9D5-8B4796A78522}.Debug|Any CPU.Build.0 = Debug|Any CPU
		{6901D4BF-B0C4-46F0-B9D5-8B4796A78522}.Release|Any CPU.ActiveCfg = Release|Any CPU
		{6901D4BF-B0C4-46F0-B9D5-8B4796A78522}.Release|Any CPU.Build.0 = Release|Any CPU
		{C1B0703E-D6A4-4CA6-A327-D0B05B30EB80}.Debug|Any CPU.ActiveCfg = Debug|Any CPU
		{C1B0703E-D6A4-4CA6-A327-D0B05B30EB80}.Debug|Any CPU.Build.0 = Debug|Any CPU
		{C1B0703E-D6A4-4CA6-A327-D0B05B30EB80}.Release|Any CPU.ActiveCfg = Release|Any CPU
		{C1B0703E-D6A4-4CA6-A327-D0B05B30EB80}.Release|Any CPU.Build.0 = Release|Any CPU
		{C5404EE1-C653-4662-8A58-AE6C01E4049F}.Debug|Any CPU.ActiveCfg = Debug|Any CPU
		{C5404EE1-C653-4662-8A58-AE6C01E4049F}.Debug|Any CPU.Build.0 = Debug|Any CPU
		{C5404EE1-C653-4662-8A58-AE6C01E4049F}.Release|Any CPU.ActiveCfg = Release|Any CPU
		{C5404EE1-C653-4662-8A58-AE6C01E4049F}.Release|Any CPU.Build.0 = Release|Any CPU
	EndGlobalSection
	GlobalSection(SolutionProperties) = preSolution
		HideSolutionNode = FALSE
	EndGlobalSection
	GlobalSection(ExtensibilityGlobals) = postSolution
		SolutionGuid = {B52CE3B7-1810-4C61-B424-E34884EFB89D}
	EndGlobalSection
EndGlobal
