
Microsoft Visual Studio Solution File, Format Version 12.00
# Visual Studio Version 17
VisualStudioVersion = 17.14.35806.103 d17.14
MinimumVisualStudioVersion = 10.0.40219.1
Project("{FAE04EC0-301F-11D3-BF4B-00C04F79EFBC}") = "NvRFSOHS1", "NvRFSOH1\NvRFSOHS1.csproj", "{BECD1119-740E-49A2-BF1E-BA61D11D243F}"
EndProject
Global
	GlobalSection(SolutionConfigurationPlatforms) = preSolution
		Debug|Any CPU = Debug|Any CPU
		Release|Any CPU = Release|Any CPU
	EndGlobalSection
	GlobalSection(ProjectConfigurationPlatforms) = postSolution
		{BECD1119-740E-49A2-BF1E-BA61D11D243F}.Debug|Any CPU.ActiveCfg = Debug|Any CPU
		{BECD1119-740E-49A2-BF1E-BA61D11D243F}.Debug|Any CPU.Build.0 = Debug|Any CPU
		{BECD1119-740E-49A2-BF1E-BA61D11D243F}.Release|Any CPU.ActiveCfg = Release|Any CPU
		{BECD1119-740E-49A2-BF1E-BA61D11D243F}.Release|Any CPU.Build.0 = Release|Any CPU
	EndGlobalSection
	GlobalSection(SolutionProperties) = preSolution
		HideSolutionNode = FALSE
	EndGlobalSection
	GlobalSection(ExtensibilityGlobals) = postSolution
		SolutionGuid = {B52CE3B7-1810-4C61-B424-E34884EFB89D}
	EndGlobalSection
EndGlobal
